
Microsoft Visual Studio Solution File, Format Version 12.00
# Visual Studio Version 17
VisualStudioVersion = 17.12.35527.113 d17.12
MinimumVisualStudioVersion = 10.0.40219.1
Project("{F2A71F9B-5D33-465A-A702-920D77279786}") = "PL-3Project", "PL-3Project\PL-3Project.fsproj", "{1F4C212D-636E-439A-8E09-059685BCFB7F}"
EndProject
Global
	GlobalSection(SolutionConfigurationPlatforms) = preSolution
		Debug|Any CPU = Debug|Any CPU
		Release|Any CPU = Release|Any CPU
	EndGlobalSection
	GlobalSection(ProjectConfigurationPlatforms) = postSolution
		{1F4C212D-636E-439A-8E09-059685BCFB7F}.Debug|Any CPU.ActiveCfg = Debug|Any CPU
		{1F4C212D-636E-439A-8E09-059685BCFB7F}.Debug|Any CPU.Build.0 = Debug|Any CPU
		{1F4C212D-636E-439A-8E09-059685BCFB7F}.Release|Any CPU.ActiveCfg = Release|Any CPU
		{1F4C212D-636E-439A-8E09-059685BCFB7F}.Release|Any CPU.Build.0 = Release|Any CPU
	EndGlobalSection
	GlobalSection(SolutionProperties) = preSolution
		HideSolutionNode = FALSE
	EndGlobalSection
EndGlobal
